
Microsoft Visual Studio Solution File, Format Version 12.00
# Visual Studio Version 17
VisualStudioVersion = 17.14.36202.13 d17.14
MinimumVisualStudioVersion = 10.0.40219.1
Project("{FAE04EC0-301F-11D3-BF4B-00C04F79EFBC}") = "AbstractClassExample", "AbstractClassExample.csproj", "{0A736C34-DDDA-4978-90D1-914FB9157422}"
EndProject
Global
	GlobalSection(SolutionConfigurationPlatforms) = preSolution
		Debug|Any CPU = Debug|Any CPU
		Release|Any CPU = Release|Any CPU
	EndGlobalSection
	GlobalSection(ProjectConfigurationPlatforms) = postSolution
		{0A736C34-DDDA-4978-90D1-914FB9157422}.Debug|Any CPU.ActiveCfg = Debug|Any CPU
		{0A736C34-DDDA-4978-90D1-914FB9157422}.Debug|Any CPU.Build.0 = Debug|Any CPU
		{0A736C34-DDDA-4978-90D1-914FB9157422}.Release|Any CPU.ActiveCfg = Release|Any CPU
		{0A736C34-DDDA-4978-90D1-914FB9157422}.Release|Any CPU.Build.0 = Release|Any CPU
	EndGlobalSection
	GlobalSection(SolutionProperties) = preSolution
		HideSolutionNode = FALSE
	EndGlobalSection
	GlobalSection(ExtensibilityGlobals) = postSolution
		SolutionGuid = {A7868A7D-2A6E-49E9-882E-F421F12633BC}
	EndGlobalSection
EndGlobal
